<?xml version="1.0" encoding="utf-8"?>
<Project ToolsVersion="4.0" xmlns="http://schemas.microsoft.com/developer/msbuild/2003">
  <ItemGroup>
    <Filter Include="소스 파일">
      <UniqueIdentifier>{4FC737F1-C7A5-4376-A066-2A32D752A2FF}</UniqueIdentifier>
      <Extensions>cpp;c;cc;cxx;c++;cppm;ixx;def;odl;idl;hpj;bat;asm;asmx</Extensions>
    </Filter>
    <Filter Include="헤더 파일">
      <UniqueIdentifier>{93995380-89BD-4b04-88EB-625FBE52EBFB}</UniqueIdentifier>
      <Extensions>h;hh;hpp;hxx;h++;hm;inl;inc;ipp;xsd</Extensions>
    </Filter>
    <Filter Include="리소스 파일">
      <UniqueIdentifier>{67DA6AB6-F800-4c08-8B7A-83BB121AAD01}</UniqueIdentifier>
      <Extensions>rc;ico;cur;bmp;dlg;rc2;rct;bin;rgs;gif;jpg;jpeg;jpe;resx;tiff;tif;png;wav;mfcribbon-ms</Extensions>
    </Filter>
  </ItemGroup>
  <ItemGroup>
    <ClInclude Include="Framework.h">
      <Filter>헤더 파일</Filter>
    </ClInclude>
    <ClInclude Include="__Others\targetver.h">
      <Filter>헤더 파일</Filter>
    </ClInclude>
    <ClInclude Include="__Others\Resource.h">
      <Filter>헤더 파일</Filter>
    </ClInclude>
    <ClInclude Include="Main.h">
      <Filter>헤더 파일</Filter>
    </ClInclude>
    <ClInclude Include="MainGame.h">
      <Filter>헤더 파일</Filter>
    </ClInclude>
    <ClInclude Include="System\Device.h">
      <Filter>헤더 파일</Filter>
    </ClInclude>
    <ClInclude Include="Utility\Singleton.h">
      <Filter>헤더 파일</Filter>
    </ClInclude>
    <ClInclude Include="Render\Buffer\VertexLayout.h">
      <Filter>헤더 파일</Filter>
    </ClInclude>
    <ClInclude Include="Render\Buffer\VertexBuffer.h">
      <Filter>헤더 파일</Filter>
    </ClInclude>
    <ClInclude Include="Render\Buffer\IndexBuffer.h">
      <Filter>헤더 파일</Filter>
    </ClInclude>
    <ClInclude Include="Render\Shader\PixelShader.h">
      <Filter>헤더 파일</Filter>
    </ClInclude>
    <ClInclude Include="Render\Shader\Shader.h">
      <Filter>헤더 파일</Filter>
    </ClInclude>
    <ClInclude Include="Render\Mesh.h">
      <Filter>헤더 파일</Filter>
    </ClInclude>
    <ClInclude Include="Render\Material.h">
      <Filter>헤더 파일</Filter>
    </ClInclude>
    <ClInclude Include="Render\Buffer\ConstBuffer.h">
      <Filter>헤더 파일</Filter>
    </ClInclude>
    <ClInclude Include="Render\Buffer\GlobalBuffer.h">
      <Filter>헤더 파일</Filter>
    </ClInclude>
    <ClInclude Include="System\Environment.h">
      <Filter>헤더 파일</Filter>
    </ClInclude>
    <ClInclude Include="System\Camera.h">
      <Filter>헤더 파일</Filter>
    </ClInclude>
    <ClInclude Include="Object\GameObject.h">
      <Filter>헤더 파일</Filter>
    </ClInclude>
    <ClInclude Include="Object\Basic\Cube.h">
      <Filter>헤더 파일</Filter>
    </ClInclude>
    <ClInclude Include="Scene\Scene.h">
      <Filter>헤더 파일</Filter>
    </ClInclude>
    <ClInclude Include="Scene\Class\TutorialScene.h">
      <Filter>헤더 파일</Filter>
    </ClInclude>
    <ClInclude Include="Object\Transform.h">
      <Filter>헤더 파일</Filter>
    </ClInclude>
    <ClInclude Include="Utility\Vector3.h">
      <Filter>헤더 파일</Filter>
    </ClInclude>
    <ClInclude Include="Utility\Keyboard.h">
      <Filter>헤더 파일</Filter>
    </ClInclude>
    <ClInclude Include="Utility\Time.h">
      <Filter>헤더 파일</Filter>
    </ClInclude>
    <ClInclude Include="_Include\imconfig.h">
      <Filter>헤더 파일</Filter>
    </ClInclude>
    <ClInclude Include="_Include\imgui.h">
      <Filter>헤더 파일</Filter>
    </ClInclude>
    <ClInclude Include="_Include\imgui_impl_dx11.h">
      <Filter>헤더 파일</Filter>
    </ClInclude>
    <ClInclude Include="_Include\imgui_impl_win32.h">
      <Filter>헤더 파일</Filter>
    </ClInclude>
    <ClInclude Include="_Include\imgui_internal.h">
      <Filter>헤더 파일</Filter>
    </ClInclude>
    <ClInclude Include="_Include\imstb_rectpack.h">
      <Filter>헤더 파일</Filter>
    </ClInclude>
    <ClInclude Include="_Include\imstb_textedit.h">
      <Filter>헤더 파일</Filter>
    </ClInclude>
    <ClInclude Include="_Include\imstb_truetype.h">
      <Filter>헤더 파일</Filter>
    </ClInclude>
    <ClInclude Include="_Include\DirectXTex.h">
      <Filter>헤더 파일</Filter>
    </ClInclude>
    <ClInclude Include="Scene\Class\TextureScene.h">
      <Filter>헤더 파일</Filter>
    </ClInclude>
    <ClInclude Include="Render\Texture\Texture.h">
      <Filter>헤더 파일</Filter>
    </ClInclude>
    <ClInclude Include="Render\Shader\VertexShader.h">
      <Filter>헤더 파일</Filter>
    </ClInclude>
    <ClInclude Include="Object\Basic\Quad.h">
      <Filter>헤더 파일</Filter>
    </ClInclude>
    <ClInclude Include="Utility\BinaryReader.h">
      <Filter>헤더 파일</Filter>
    </ClInclude>
    <ClInclude Include="Utility\BinaryWriter.h">
      <Filter>헤더 파일</Filter>
    </ClInclude>
    <ClInclude Include="Render\State\SamplerState.h">
      <Filter>헤더 파일</Filter>
    </ClInclude>
    <ClInclude Include="Render\State\StateManager.h">
      <Filter>헤더 파일</Filter>
    </ClInclude>
    <ClInclude Include="Object\Basic\TextureCube.h">
      <Filter>헤더 파일</Filter>
    </ClInclude>
    <ClInclude Include="Scene\SceneManager.h">
      <Filter>헤더 파일</Filter>
    </ClInclude>
    <ClInclude Include="Scene\Class\GridScene.h">
      <Filter>헤더 파일</Filter>
    </ClInclude>
    <ClInclude Include="Object\Basic\Grid.h">
      <Filter>헤더 파일</Filter>
    </ClInclude>
    <ClInclude Include="Object\Basic\Sphere.h">
      <Filter>헤더 파일</Filter>
    </ClInclude>
    <ClInclude Include="Utility\Utility.h">
      <Filter>헤더 파일</Filter>
    </ClInclude>
    <ClInclude Include="Render\State\RasterizerState.h">
      <Filter>헤더 파일</Filter>
    </ClInclude>
    <ClInclude Include="Object\LandScape\Terrain.h">
      <Filter>헤더 파일</Filter>
    </ClInclude>
    <ClInclude Include="Scene\Class\TerrainScene.h">
      <Filter>헤더 파일</Filter>
    </ClInclude>
    <ClInclude Include="Utility\GameMath.h">
      <Filter>헤더 파일</Filter>
    </ClInclude>
    <ClInclude Include="_Include\ImGuiFileDialog.h">
      <Filter>헤더 파일</Filter>
    </ClInclude>
    <ClInclude Include="_Include\ImGuiFileDialogConfig.h">
      <Filter>헤더 파일</Filter>
    </ClInclude>
    <ClInclude Include="_Include\dirent\dirent.h">
      <Filter>헤더 파일</Filter>
    </ClInclude>
    <ClInclude Include="Object\LandScape\TerrainEditor.h">
      <Filter>헤더 파일</Filter>
    </ClInclude>
    <ClInclude Include="Scene\Class\TerrainEditorScene.h">
      <Filter>헤더 파일</Filter>
    </ClInclude>
    <ClInclude Include="Render\Buffer\StructuredBuffer.h">
      <Filter>헤더 파일</Filter>
    </ClInclude>
    <ClInclude Include="Render\Shader\ComputeShader.h">
      <Filter>헤더 파일</Filter>
    </ClInclude>
    <ClInclude Include="_Include\assimp\aabb.h">
      <Filter>헤더 파일</Filter>
    </ClInclude>
    <ClInclude Include="_Include\assimp\ai_assert.h">
      <Filter>헤더 파일</Filter>
    </ClInclude>
    <ClInclude Include="_Include\assimp\anim.h">
      <Filter>헤더 파일</Filter>
    </ClInclude>
    <ClInclude Include="_Include\assimp\Base64.hpp">
      <Filter>헤더 파일</Filter>
    </ClInclude>
    <ClInclude Include="_Include\assimp\BaseImporter.h">
      <Filter>헤더 파일</Filter>
    </ClInclude>
    <ClInclude Include="_Include\assimp\Bitmap.h">
      <Filter>헤더 파일</Filter>
    </ClInclude>
    <ClInclude Include="_Include\assimp\BlobIOSystem.h">
      <Filter>헤더 파일</Filter>
    </ClInclude>
    <ClInclude Include="_Include\assimp\ByteSwapper.h">
      <Filter>헤더 파일</Filter>
    </ClInclude>
    <ClInclude Include="_Include\assimp\camera.h">
      <Filter>헤더 파일</Filter>
    </ClInclude>
    <ClInclude Include="_Include\assimp\cexport.h">
      <Filter>헤더 파일</Filter>
    </ClInclude>
    <ClInclude Include="_Include\assimp\cfileio.h">
      <Filter>헤더 파일</Filter>
    </ClInclude>
    <ClInclude Include="_Include\assimp\cimport.h">
      <Filter>헤더 파일</Filter>
    </ClInclude>
    <ClInclude Include="_Include\assimp\ColladaMetaData.h">
      <Filter>헤더 파일</Filter>
    </ClInclude>
    <ClInclude Include="_Include\assimp\color4.h">
      <Filter>헤더 파일</Filter>
    </ClInclude>
    <ClInclude Include="_Include\assimp\commonMetaData.h">
      <Filter>헤더 파일</Filter>
    </ClInclude>
    <ClInclude Include="_Include\assimp\config.h">
      <Filter>헤더 파일</Filter>
    </ClInclude>
    <ClInclude Include="_Include\assimp\CreateAnimMesh.h">
      <Filter>헤더 파일</Filter>
    </ClInclude>
    <ClInclude Include="_Include\assimp\DefaultIOStream.h">
      <Filter>헤더 파일</Filter>
    </ClInclude>
    <ClInclude Include="_Include\assimp\DefaultIOSystem.h">
      <Filter>헤더 파일</Filter>
    </ClInclude>
    <ClInclude Include="_Include\assimp\DefaultLogger.hpp">
      <Filter>헤더 파일</Filter>
    </ClInclude>
    <ClInclude Include="_Include\assimp\defs.h">
      <Filter>헤더 파일</Filter>
    </ClInclude>
    <ClInclude Include="_Include\assimp\Exceptional.h">
      <Filter>헤더 파일</Filter>
    </ClInclude>
    <ClInclude Include="_Include\assimp\Exporter.hpp">
      <Filter>헤더 파일</Filter>
    </ClInclude>
    <ClInclude Include="_Include\assimp\fast_atof.h">
      <Filter>헤더 파일</Filter>
    </ClInclude>
    <ClInclude Include="_Include\assimp\GenericProperty.h">
      <Filter>헤더 파일</Filter>
    </ClInclude>
    <ClInclude Include="_Include\assimp\GltfMaterial.h">
      <Filter>헤더 파일</Filter>
    </ClInclude>
    <ClInclude Include="_Include\assimp\Hash.h">
      <Filter>헤더 파일</Filter>
    </ClInclude>
    <ClInclude Include="_Include\assimp\Importer.hpp">
      <Filter>헤더 파일</Filter>
    </ClInclude>
    <ClInclude Include="_Include\assimp\importerdesc.h">
      <Filter>헤더 파일</Filter>
    </ClInclude>
    <ClInclude Include="_Include\assimp\IOStream.hpp">
      <Filter>헤더 파일</Filter>
    </ClInclude>
    <ClInclude Include="_Include\assimp\IOStreamBuffer.h">
      <Filter>헤더 파일</Filter>
    </ClInclude>
    <ClInclude Include="_Include\assimp\IOSystem.hpp">
      <Filter>헤더 파일</Filter>
    </ClInclude>
    <ClInclude Include="_Include\assimp\light.h">
      <Filter>헤더 파일</Filter>
    </ClInclude>
    <ClInclude Include="_Include\assimp\LineSplitter.h">
      <Filter>헤더 파일</Filter>
    </ClInclude>
    <ClInclude Include="_Include\assimp\LogAux.h">
      <Filter>헤더 파일</Filter>
    </ClInclude>
    <ClInclude Include="_Include\assimp\Logger.hpp">
      <Filter>헤더 파일</Filter>
    </ClInclude>
    <ClInclude Include="_Include\assimp\LogStream.hpp">
      <Filter>헤더 파일</Filter>
    </ClInclude>
    <ClInclude Include="_Include\assimp\material.h">
      <Filter>헤더 파일</Filter>
    </ClInclude>
    <ClInclude Include="_Include\assimp\MathFunctions.h">
      <Filter>헤더 파일</Filter>
    </ClInclude>
    <ClInclude Include="_Include\assimp\matrix3x3.h">
      <Filter>헤더 파일</Filter>
    </ClInclude>
    <ClInclude Include="_Include\assimp\matrix4x4.h">
      <Filter>헤더 파일</Filter>
    </ClInclude>
    <ClInclude Include="_Include\assimp\MemoryIOWrapper.h">
      <Filter>헤더 파일</Filter>
    </ClInclude>
    <ClInclude Include="_Include\assimp\mesh.h">
      <Filter>헤더 파일</Filter>
    </ClInclude>
    <ClInclude Include="_Include\assimp\metadata.h">
      <Filter>헤더 파일</Filter>
    </ClInclude>
    <ClInclude Include="_Include\assimp\NullLogger.hpp">
      <Filter>헤더 파일</Filter>
    </ClInclude>
    <ClInclude Include="_Include\assimp\ObjMaterial.h">
      <Filter>헤더 파일</Filter>
    </ClInclude>
    <ClInclude Include="_Include\assimp\ParsingUtils.h">
      <Filter>헤더 파일</Filter>
    </ClInclude>
    <ClInclude Include="_Include\assimp\pbrmaterial.h">
      <Filter>헤더 파일</Filter>
    </ClInclude>
    <ClInclude Include="_Include\assimp\postprocess.h">
      <Filter>헤더 파일</Filter>
    </ClInclude>
    <ClInclude Include="_Include\assimp\Profiler.h">
      <Filter>헤더 파일</Filter>
    </ClInclude>
    <ClInclude Include="_Include\assimp\ProgressHandler.hpp">
      <Filter>헤더 파일</Filter>
    </ClInclude>
    <ClInclude Include="_Include\assimp\qnan.h">
      <Filter>헤더 파일</Filter>
    </ClInclude>
    <ClInclude Include="_Include\assimp\quaternion.h">
      <Filter>헤더 파일</Filter>
    </ClInclude>
    <ClInclude Include="_Include\assimp\RemoveComments.h">
      <Filter>헤더 파일</Filter>
    </ClInclude>
    <ClInclude Include="_Include\assimp\scene.h">
      <Filter>헤더 파일</Filter>
    </ClInclude>
    <ClInclude Include="_Include\assimp\SceneCombiner.h">
      <Filter>헤더 파일</Filter>
    </ClInclude>
    <ClInclude Include="_Include\assimp\SGSpatialSort.h">
      <Filter>헤더 파일</Filter>
    </ClInclude>
    <ClInclude Include="_Include\assimp\SkeletonMeshBuilder.h">
      <Filter>헤더 파일</Filter>
    </ClInclude>
    <ClInclude Include="_Include\assimp\SmallVector.h">
      <Filter>헤더 파일</Filter>
    </ClInclude>
    <ClInclude Include="_Include\assimp\SmoothingGroups.h">
      <Filter>헤더 파일</Filter>
    </ClInclude>
    <ClInclude Include="_Include\assimp\SpatialSort.h">
      <Filter>헤더 파일</Filter>
    </ClInclude>
    <ClInclude Include="_Include\assimp\StandardShapes.h">
      <Filter>헤더 파일</Filter>
    </ClInclude>
    <ClInclude Include="_Include\assimp\StreamReader.h">
      <Filter>헤더 파일</Filter>
    </ClInclude>
    <ClInclude Include="_Include\assimp\StreamWriter.h">
      <Filter>헤더 파일</Filter>
    </ClInclude>
    <ClInclude Include="_Include\assimp\StringComparison.h">
      <Filter>헤더 파일</Filter>
    </ClInclude>
    <ClInclude Include="_Include\assimp\StringUtils.h">
      <Filter>헤더 파일</Filter>
    </ClInclude>
    <ClInclude Include="_Include\assimp\Subdivision.h">
      <Filter>헤더 파일</Filter>
    </ClInclude>
    <ClInclude Include="_Include\assimp\texture.h">
      <Filter>헤더 파일</Filter>
    </ClInclude>
    <ClInclude Include="_Include\assimp\TinyFormatter.h">
      <Filter>헤더 파일</Filter>
    </ClInclude>
    <ClInclude Include="_Include\assimp\types.h">
      <Filter>헤더 파일</Filter>
    </ClInclude>
    <ClInclude Include="_Include\assimp\vector2.h">
      <Filter>헤더 파일</Filter>
    </ClInclude>
    <ClInclude Include="_Include\assimp\vector3.h">
      <Filter>헤더 파일</Filter>
    </ClInclude>
    <ClInclude Include="_Include\assimp\version.h">
      <Filter>헤더 파일</Filter>
    </ClInclude>
    <ClInclude Include="_Include\assimp\Vertex.h">
      <Filter>헤더 파일</Filter>
    </ClInclude>
    <ClInclude Include="_Include\assimp\XmlParser.h">
      <Filter>헤더 파일</Filter>
    </ClInclude>
    <ClInclude Include="_Include\assimp\XMLTools.h">
      <Filter>헤더 파일</Filter>
    </ClInclude>
    <ClInclude Include="_Include\assimp\ZipArchiveIOSystem.h">
      <Filter>헤더 파일</Filter>
    </ClInclude>
    <ClInclude Include="_Include\assimp\port\AndroidJNI\AndroidJNIIOSystem.h">
      <Filter>헤더 파일</Filter>
    </ClInclude>
    <ClInclude Include="_Include\assimp\port\AndroidJNI\BundledAssetIOSystem.h">
      <Filter>헤더 파일</Filter>
    </ClInclude>
    <ClInclude Include="_Include\assimp\Compiler\poppack1.h">
      <Filter>헤더 파일</Filter>
    </ClInclude>
    <ClInclude Include="_Include\assimp\Compiler\pstdint.h">
      <Filter>헤더 파일</Filter>
    </ClInclude>
    <ClInclude Include="_Include\assimp\Compiler\pushpack1.h">
      <Filter>헤더 파일</Filter>
    </ClInclude>
    <ClInclude Include="Scene\Class\ModelExportScene.h">
      <Filter>헤더 파일</Filter>
    </ClInclude>
    <ClInclude Include="Model\ModelExporter.h">
      <Filter>헤더 파일</Filter>
    </ClInclude>
    <ClInclude Include="Model\ModelData.h">
      <Filter>헤더 파일</Filter>
    </ClInclude>
    <ClInclude Include="Model\ModelMesh.h">
      <Filter>헤더 파일</Filter>
    </ClInclude>
    <ClInclude Include="Model\Model.h">
      <Filter>헤더 파일</Filter>
    </ClInclude>
    <ClInclude Include="Scene\Class\ModelAnimationScene.h">
      <Filter>헤더 파일</Filter>
    </ClInclude>
    <ClInclude Include="Model\ModelClip.h">
      <Filter>헤더 파일</Filter>
    </ClInclude>
    <ClInclude Include="Model\ModelAnimator.h">
      <Filter>헤더 파일</Filter>
    </ClInclude>
    <ClInclude Include="Object\Collider\Collider.h">
      <Filter>헤더 파일</Filter>
    </ClInclude>
    <ClInclude Include="Object\Collider\ColliderBox.h">
      <Filter>헤더 파일</Filter>
    </ClInclude>
    <ClInclude Include="Object\Collider\ColliderSphere.h">
      <Filter>헤더 파일</Filter>
    </ClInclude>
    <ClInclude Include="Object\Collider\ColliderCapsule.h">
      <Filter>헤더 파일</Filter>
    </ClInclude>
    <ClInclude Include="Scene\Class\CollisionScene.h">
      <Filter>헤더 파일</Filter>
    </ClInclude>
    <ClInclude Include="Render\State\BlendState.h">
      <Filter>헤더 파일</Filter>
    </ClInclude>
    <ClInclude Include="Object\UI\ProgressBar.h">
      <Filter>헤더 파일</Filter>
    </ClInclude>
    <ClInclude Include="Render\State\DepthStencilState.h">
      <Filter>헤더 파일</Filter>
    </ClInclude>
    <ClInclude Include="Object\Game\Character.h">
      <Filter>헤더 파일</Filter>
    </ClInclude>
    <ClInclude Include="Scene\Class\CharacterScene.h">
      <Filter>헤더 파일</Filter>
    </ClInclude>
    <ClInclude Include="Object\Game\Knight.h">
      <Filter>헤더 파일</Filter>
    </ClInclude>
    <ClInclude Include="Scene\Class\InstancingScene.h">
      <Filter>헤더 파일</Filter>
    </ClInclude>
    <ClInclude Include="Scene\Class\ModelInstancingScene.h">
      <Filter>헤더 파일</Filter>
    </ClInclude>
    <ClInclude Include="Model\ModelInstancing.h">
      <Filter>헤더 파일</Filter>
    </ClInclude>
    <ClInclude Include="Model\ModelAnimatorInstancing.h">
      <Filter>헤더 파일</Filter>
    </ClInclude>
    <ClInclude Include="Object\LandScape\SkyBox.h">
      <Filter>헤더 파일</Filter>
    </ClInclude>
    <ClInclude Include="Scene\Revolt\GameScene.h">
      <Filter>헤더 파일</Filter>
    </ClInclude>
    <ClInclude Include="Object\Car\Car.h">
      <Filter>헤더 파일</Filter>
    </ClInclude>
    <ClInclude Include="Scene\Class\LightScene.h">
      <Filter>헤더 파일</Filter>
    </ClInclude>
    <ClInclude Include="Render\View\DepthStencil.h">
      <Filter>헤더 파일</Filter>
    </ClInclude>
    <ClInclude Include="Render\View\RenderTarget.h">
      <Filter>헤더 파일</Filter>
    </ClInclude>
    <ClInclude Include="Render\Buffer\GeometryBuffer.h">
      <Filter>헤더 파일</Filter>
    </ClInclude>
    <ClInclude Include="Scene\Class\DeferredRenderScene.h">
      <Filter>헤더 파일</Filter>
    </ClInclude>
    <ClInclude Include="Scene\Class\FrustumCullingScene.h">
      <Filter>헤더 파일</Filter>
    </ClInclude>
    <ClInclude Include="Scene\Revolt\MapTestScene.h">
      <Filter>헤더 파일</Filter>
    </ClInclude>
    <ClInclude Include="Render\Shader\GeometryShader.h">
      <Filter>헤더 파일</Filter>
    </ClInclude>
    <ClInclude Include="Scene\Class\BillboardScene.h">
      <Filter>헤더 파일</Filter>
    </ClInclude>
    <ClInclude Include="Object\Effect\Particle.h">
      <Filter>헤더 파일</Filter>
    </ClInclude>
    <ClInclude Include="Object\Effect\ParticleEditor.h">
      <Filter>헤더 파일</Filter>
    </ClInclude>
    <ClInclude Include="Object\Effect\Sprite.h">
      <Filter>헤더 파일</Filter>
    </ClInclude>
    <ClInclude Include="Scene\Class\ParticleScene.h">
      <Filter>헤더 파일</Filter>
    </ClInclude>
    <ClInclude Include="Object\Effect\Rain.h">
      <Filter>헤더 파일</Filter>
    </ClInclude>
    <ClInclude Include="Object\Effect\Snow.h">
      <Filter>헤더 파일</Filter>
    </ClInclude>
    <ClInclude Include="Object\Effect\Spark.h">
      <Filter>헤더 파일</Filter>
    </ClInclude>
    <ClInclude Include="Scene\Class\WaterScene.h">
      <Filter>헤더 파일</Filter>
    </ClInclude>
    <ClInclude Include="System\Reflection.h">
      <Filter>헤더 파일</Filter>
    </ClInclude>
    <ClInclude Include="System\Refraction.h">
      <Filter>헤더 파일</Filter>
    </ClInclude>
    <ClInclude Include="Object\LandScape\Water.h">
      <Filter>헤더 파일</Filter>
    </ClInclude>
    <ClInclude Include="Utility\PhysicsValue.h">
      <Filter>헤더 파일</Filter>
    </ClInclude>
    <ClInclude Include="Scene\RigidBodyTestScene.h">
      <Filter>헤더 파일</Filter>
    </ClInclude>
    <ClInclude Include="Object\Collider\RigidBody\RigidSphere.h">
      <Filter>헤더 파일</Filter>
    </ClInclude>
    <ClInclude Include="System\Shadow.h">
      <Filter>헤더 파일</Filter>
    </ClInclude>
    <ClInclude Include="Scene\Class\TessellationScene.h">
      <Filter>헤더 파일</Filter>
    </ClInclude>
    <ClInclude Include="Render\Shader\DomainShader.h">
      <Filter>헤더 파일</Filter>
    </ClInclude>
    <ClInclude Include="Render\Shader\HullShader.h">
      <Filter>헤더 파일</Filter>
    </ClInclude>
    <ClInclude Include="Scene\Class\TerrainLODScene.h">
      <Filter>헤더 파일</Filter>
    </ClInclude>
    <ClInclude Include="Scene\SpringMassTestScene.h">
      <Filter>헤더 파일</Filter>
    </ClInclude>
    <ClInclude Include="Object\Collider\RigidBody\Spring.h">
      <Filter>헤더 파일</Filter>
    </ClInclude>
    <ClInclude Include="Object\LandScape\TerrainLOD.h">
      <Filter>헤더 파일</Filter>
    </ClInclude>
    <ClInclude Include="Scene\TestScene.h">
      <Filter>헤더 파일</Filter>
    </ClInclude>
  </ItemGroup>
  <ItemGroup>
    <ClCompile Include="Main.cpp">
      <Filter>소스 파일</Filter>
    </ClCompile>
    <ClCompile Include="Framework.cpp">
      <Filter>소스 파일</Filter>
    </ClCompile>
    <ClCompile Include="MainGame.cpp">
      <Filter>소스 파일</Filter>
    </ClCompile>
    <ClCompile Include="System\Device.cpp">
      <Filter>소스 파일</Filter>
    </ClCompile>
    <ClCompile Include="Render\Buffer\VertexBuffer.cpp">
      <Filter>소스 파일</Filter>
    </ClCompile>
    <ClCompile Include="Render\Buffer\IndexBuffer.cpp">
      <Filter>소스 파일</Filter>
    </ClCompile>
    <ClCompile Include="Render\Shader\PixelShader.cpp">
      <Filter>소스 파일</Filter>
    </ClCompile>
    <ClCompile Include="Render\Shader\Shader.cpp">
      <Filter>소스 파일</Filter>
    </ClCompile>
    <ClCompile Include="Render\Mesh.cpp">
      <Filter>소스 파일</Filter>
    </ClCompile>
    <ClCompile Include="Render\Material.cpp">
      <Filter>소스 파일</Filter>
    </ClCompile>
    <ClCompile Include="System\Environment.cpp">
      <Filter>소스 파일</Filter>
    </ClCompile>
    <ClCompile Include="System\Camera.cpp">
      <Filter>소스 파일</Filter>
    </ClCompile>
    <ClCompile Include="Object\Basic\Cube.cpp">
      <Filter>소스 파일</Filter>
    </ClCompile>
    <ClCompile Include="Scene\Class\TutorialScene.cpp">
      <Filter>소스 파일</Filter>
    </ClCompile>
    <ClCompile Include="Object\Transform.cpp">
      <Filter>소스 파일</Filter>
    </ClCompile>
    <ClCompile Include="Utility\Keyboard.cpp">
      <Filter>소스 파일</Filter>
    </ClCompile>
    <ClCompile Include="Utility\Time.cpp">
      <Filter>소스 파일</Filter>
    </ClCompile>
    <ClCompile Include="_Include\imgui.cpp">
      <Filter>소스 파일</Filter>
    </ClCompile>
    <ClCompile Include="_Include\imgui_demo.cpp">
      <Filter>소스 파일</Filter>
    </ClCompile>
    <ClCompile Include="_Include\imgui_draw.cpp">
      <Filter>소스 파일</Filter>
    </ClCompile>
    <ClCompile Include="_Include\imgui_impl_dx11.cpp">
      <Filter>소스 파일</Filter>
    </ClCompile>
    <ClCompile Include="_Include\imgui_impl_win32.cpp">
      <Filter>소스 파일</Filter>
    </ClCompile>
    <ClCompile Include="_Include\imgui_tables.cpp">
      <Filter>소스 파일</Filter>
    </ClCompile>
    <ClCompile Include="_Include\imgui_widgets.cpp">
      <Filter>소스 파일</Filter>
    </ClCompile>
    <ClCompile Include="Scene\Class\TextureScene.cpp">
      <Filter>소스 파일</Filter>
    </ClCompile>
    <ClCompile Include="Render\Texture\Texture.cpp">
      <Filter>소스 파일</Filter>
    </ClCompile>
    <ClCompile Include="Render\Shader\VertexShader.cpp">
      <Filter>소스 파일</Filter>
    </ClCompile>
    <ClCompile Include="Object\Basic\Quad.cpp">
      <Filter>소스 파일</Filter>
    </ClCompile>
    <ClCompile Include="Utility\BinaryReader.cpp">
      <Filter>소스 파일</Filter>
    </ClCompile>
    <ClCompile Include="Utility\BinaryWriter.cpp">
      <Filter>소스 파일</Filter>
    </ClCompile>
    <ClCompile Include="Render\State\SamplerState.cpp">
      <Filter>소스 파일</Filter>
    </ClCompile>
    <ClCompile Include="Render\State\StateManager.cpp">
      <Filter>소스 파일</Filter>
    </ClCompile>
    <ClCompile Include="Object\Basic\TextureCube.cpp">
      <Filter>소스 파일</Filter>
    </ClCompile>
    <ClCompile Include="Scene\SceneManager.cpp">
      <Filter>소스 파일</Filter>
    </ClCompile>
    <ClCompile Include="Scene\Class\GridScene.cpp">
      <Filter>소스 파일</Filter>
    </ClCompile>
    <ClCompile Include="Object\Basic\Grid.cpp">
      <Filter>소스 파일</Filter>
    </ClCompile>
    <ClCompile Include="Object\Basic\Sphere.cpp">
      <Filter>소스 파일</Filter>
    </ClCompile>
    <ClCompile Include="Utility\Utility.cpp">
      <Filter>소스 파일</Filter>
    </ClCompile>
    <ClCompile Include="Render\State\RasterizerState.cpp">
      <Filter>소스 파일</Filter>
    </ClCompile>
    <ClCompile Include="Object\LandScape\Terrain.cpp">
      <Filter>소스 파일</Filter>
    </ClCompile>
    <ClCompile Include="Scene\Class\TerrainScene.cpp">
      <Filter>소스 파일</Filter>
    </ClCompile>
    <ClCompile Include="Utility\GameMath.cpp">
      <Filter>소스 파일</Filter>
    </ClCompile>
    <ClCompile Include="_Include\ImGuiFileDialog.cpp">
      <Filter>소스 파일</Filter>
    </ClCompile>
    <ClCompile Include="Object\LandScape\TerrainEditor.cpp">
      <Filter>소스 파일</Filter>
    </ClCompile>
    <ClCompile Include="Scene\Class\TerrainEditorScene.cpp">
      <Filter>소스 파일</Filter>
    </ClCompile>
    <ClCompile Include="Render\Buffer\StructuredBuffer.cpp">
      <Filter>소스 파일</Filter>
    </ClCompile>
    <ClCompile Include="Render\Shader\ComputeShader.cpp">
      <Filter>소스 파일</Filter>
    </ClCompile>
    <ClCompile Include="Scene\Class\ModelExportScene.cpp">
      <Filter>소스 파일</Filter>
    </ClCompile>
    <ClCompile Include="Model\ModelExporter.cpp">
      <Filter>소스 파일</Filter>
    </ClCompile>
    <ClCompile Include="Model\ModelMesh.cpp">
      <Filter>소스 파일</Filter>
    </ClCompile>
    <ClCompile Include="Model\Model.cpp">
      <Filter>소스 파일</Filter>
    </ClCompile>
    <ClCompile Include="Scene\Class\ModelAnimationScene.cpp">
      <Filter>소스 파일</Filter>
    </ClCompile>
    <ClCompile Include="Model\ModelClip.cpp">
      <Filter>소스 파일</Filter>
    </ClCompile>
    <ClCompile Include="Model\ModelAnimator.cpp">
      <Filter>소스 파일</Filter>
    </ClCompile>
    <ClCompile Include="Object\Collider\Collider.cpp">
      <Filter>소스 파일</Filter>
    </ClCompile>
    <ClCompile Include="Object\Collider\ColliderBox.cpp">
      <Filter>소스 파일</Filter>
    </ClCompile>
    <ClCompile Include="Object\Collider\ColliderSphere.cpp">
      <Filter>소스 파일</Filter>
    </ClCompile>
    <ClCompile Include="Object\Collider\ColliderCapsule.cpp">
      <Filter>소스 파일</Filter>
    </ClCompile>
    <ClCompile Include="Scene\Class\CollisionScene.cpp">
      <Filter>소스 파일</Filter>
    </ClCompile>
    <ClCompile Include="Render\State\BlendState.cpp">
      <Filter>소스 파일</Filter>
    </ClCompile>
    <ClCompile Include="Object\UI\ProgressBar.cpp">
      <Filter>소스 파일</Filter>
    </ClCompile>
    <ClCompile Include="Render\State\DepthStencilState.cpp">
      <Filter>소스 파일</Filter>
    </ClCompile>
    <ClCompile Include="Object\Game\Character.cpp">
      <Filter>소스 파일</Filter>
    </ClCompile>
    <ClCompile Include="Scene\Class\CharacterScene.cpp">
      <Filter>소스 파일</Filter>
    </ClCompile>
    <ClCompile Include="Object\Game\Knight.cpp">
      <Filter>소스 파일</Filter>
    </ClCompile>
    <ClCompile Include="Scene\Class\InstancingScene.cpp">
      <Filter>소스 파일</Filter>
    </ClCompile>
    <ClCompile Include="Scene\Class\ModelInstancingScene.cpp">
      <Filter>소스 파일</Filter>
    </ClCompile>
    <ClCompile Include="Model\ModelInstancing.cpp">
      <Filter>소스 파일</Filter>
    </ClCompile>
    <ClCompile Include="Model\ModelAnimatorInstancing.cpp">
      <Filter>소스 파일</Filter>
    </ClCompile>
    <ClCompile Include="Object\LandScape\SkyBox.cpp">
      <Filter>소스 파일</Filter>
    </ClCompile>
    <ClCompile Include="Scene\Revolt\GameScene.cpp">
      <Filter>소스 파일</Filter>
    </ClCompile>
    <ClCompile Include="Object\Car\Car.cpp">
      <Filter>소스 파일</Filter>
    </ClCompile>
    <ClCompile Include="Scene\Class\LightScene.cpp">
      <Filter>소스 파일</Filter>
    </ClCompile>
    <ClCompile Include="Render\View\DepthStencil.cpp">
      <Filter>소스 파일</Filter>
    </ClCompile>
    <ClCompile Include="Render\View\RenderTarget.cpp">
      <Filter>소스 파일</Filter>
    </ClCompile>
    <ClCompile Include="Render\Buffer\GeometryBuffer.cpp">
      <Filter>소스 파일</Filter>
    </ClCompile>
    <ClCompile Include="Scene\Class\DeferredRenderScene.cpp">
      <Filter>소스 파일</Filter>
    </ClCompile>
    <ClCompile Include="Scene\Class\FrustumCullingScene.cpp">
      <Filter>소스 파일</Filter>
    </ClCompile>
    <ClCompile Include="Scene\Revolt\MapTestScene.cpp">
      <Filter>소스 파일</Filter>
    </ClCompile>
    <ClCompile Include="Render\Shader\GeometryShader.cpp">
      <Filter>소스 파일</Filter>
    </ClCompile>
    <ClCompile Include="Scene\Class\BillboardScene.cpp">
      <Filter>소스 파일</Filter>
    </ClCompile>
    <ClCompile Include="Object\Effect\Particle.cpp">
      <Filter>소스 파일</Filter>
    </ClCompile>
    <ClCompile Include="Object\Effect\ParticleEditor.cpp">
      <Filter>소스 파일</Filter>
    </ClCompile>
    <ClCompile Include="Object\Effect\Sprite.cpp">
      <Filter>소스 파일</Filter>
    </ClCompile>
    <ClCompile Include="Scene\Class\ParticleScene.cpp">
      <Filter>소스 파일</Filter>
    </ClCompile>
    <ClCompile Include="Object\Effect\Rain.cpp">
      <Filter>소스 파일</Filter>
    </ClCompile>
    <ClCompile Include="Object\Effect\Snow.cpp">
      <Filter>소스 파일</Filter>
    </ClCompile>
    <ClCompile Include="Object\Effect\Spark.cpp">
      <Filter>소스 파일</Filter>
    </ClCompile>
    <ClCompile Include="Scene\Class\WaterScene.cpp">
      <Filter>소스 파일</Filter>
    </ClCompile>
    <ClCompile Include="System\Reflection.cpp">
      <Filter>소스 파일</Filter>
    </ClCompile>
    <ClCompile Include="System\Refraction.cpp">
      <Filter>소스 파일</Filter>
    </ClCompile>
    <ClCompile Include="Object\LandScape\Water.cpp">
      <Filter>소스 파일</Filter>
    </ClCompile>
    <ClCompile Include="Scene\RigidBodyTestScene.cpp">
      <Filter>소스 파일</Filter>
    </ClCompile>
    <ClCompile Include="Object\Collider\RigidBody\RigidSphere.cpp">
      <Filter>소스 파일</Filter>
    </ClCompile>
    <ClCompile Include="System\Shadow.cpp">
      <Filter>소스 파일</Filter>
    </ClCompile>
    <ClCompile Include="Scene\Class\TessellationScene.cpp">
      <Filter>소스 파일</Filter>
    </ClCompile>
    <ClCompile Include="Render\Shader\DomainShader.cpp">
      <Filter>소스 파일</Filter>
    </ClCompile>
    <ClCompile Include="Render\Shader\HullShader.cpp">
      <Filter>소스 파일</Filter>
    </ClCompile>
    <ClCompile Include="Scene\Class\TerrainLODScene.cpp">
      <Filter>소스 파일</Filter>
    </ClCompile>
    <ClCompile Include="Scene\SpringMassTestScene.cpp">
      <Filter>소스 파일</Filter>
    </ClCompile>
    <ClCompile Include="Object\Collider\RigidBody\Spring.cpp">
      <Filter>소스 파일</Filter>
    </ClCompile>
    <ClCompile Include="Object\LandScape\TerrainLOD.cpp">
      <Filter>소스 파일</Filter>
    </ClCompile>
    <ClCompile Include="Scene\TestScene.cpp">
      <Filter>소스 파일</Filter>
    </ClCompile>
  </ItemGroup>
  <ItemGroup>
    <ResourceCompile Include="__Others\Project.rc">
      <Filter>리소스 파일</Filter>
    </ResourceCompile>
  </ItemGroup>
  <ItemGroup>
    <Image Include="__Others\small.ico">
      <Filter>리소스 파일</Filter>
    </Image>
    <Image Include="__Others\Project.ico">
      <Filter>리소스 파일</Filter>
    </Image>
    <Image Include="_Texture\HeightMap\AlphaMap.png">
      <Filter>리소스 파일</Filter>
    </Image>
    <Image Include="_Texture\HeightMap\ColorMap256.png">
      <Filter>리소스 파일</Filter>
    </Image>
    <Image Include="_Texture\HeightMap\HeightMap.png">
      <Filter>리소스 파일</Filter>
    </Image>
    <Image Include="_Texture\HeightMap\HeightMap256.png">
      <Filter>리소스 파일</Filter>
    </Image>
    <Image Include="_Texture\HeightMap\Test.png">
      <Filter>리소스 파일</Filter>
    </Image>
    <Image Include="_Texture\HeightMap\TestQuadTree.png">
      <Filter>리소스 파일</Filter>
    </Image>
    <Image Include="_Texture\Landscape\Box.png">
      <Filter>리소스 파일</Filter>
    </Image>
    <Image Include="_Texture\Landscape\Bricks.png">
      <Filter>리소스 파일</Filter>
    </Image>
    <Image Include="_Texture\Landscape\Bricks_normal.png">
      <Filter>리소스 파일</Filter>
    </Image>
    <Image Include="_Texture\Landscape\Dirt.png">
      <Filter>리소스 파일</Filter>
    </Image>
    <Image Include="_Texture\Landscape\Dirt2.png">
      <Filter>리소스 파일</Filter>
    </Image>
    <Image Include="_Texture\Landscape\Dirt3.png">
      <Filter>리소스 파일</Filter>
    </Image>
    <Image Include="_Texture\Landscape\Fieldstone_DM.tga" />
    <Image Include="_Texture\Landscape\fieldstone_NM.tga" />
    <Image Include="_Texture\Landscape\fieldstone_SM.tga" />
    <Image Include="_Texture\Landscape\Floor.png">
      <Filter>리소스 파일</Filter>
    </Image>
    <Image Include="_Texture\Landscape\Floor_normal.png">
      <Filter>리소스 파일</Filter>
    </Image>
    <Image Include="_Texture\Landscape\NightSky.png">
      <Filter>리소스 파일</Filter>
    </Image>
    <Image Include="_Texture\Landscape\Snow_ENV.dds" />
    <Image Include="_Texture\Landscape\Space.dds" />
    <Image Include="_Texture\Landscape\SpaceSky.dds" />
    <Image Include="_Texture\Landscape\Stones.png">
      <Filter>리소스 파일</Filter>
    </Image>
    <Image Include="_Texture\Landscape\Stones_normal.png">
      <Filter>리소스 파일</Filter>
    </Image>
    <Image Include="_Texture\Landscape\Tree.png">
      <Filter>리소스 파일</Filter>
    </Image>
    <Image Include="_Texture\Landscape\Wall.png">
      <Filter>리소스 파일</Filter>
    </Image>
    <Image Include="_Texture\Landscape\Wall_normal.png">
      <Filter>리소스 파일</Filter>
    </Image>
    <Image Include="_Texture\Landscape\Wall_specular.png">
      <Filter>리소스 파일</Filter>
    </Image>
    <Image Include="_Texture\Landscape\Wave.dds" />
    <Image Include="_Texture\Landscape\WaveNormal.png">
      <Filter>리소스 파일</Filter>
    </Image>
    <Image Include="_Texture\Solid\Black.png">
      <Filter>리소스 파일</Filter>
    </Image>
    <Image Include="_Texture\Solid\Blue.png">
      <Filter>리소스 파일</Filter>
    </Image>
    <Image Include="_Texture\Solid\Cyan.png">
      <Filter>리소스 파일</Filter>
    </Image>
    <Image Include="_Texture\Solid\Green.png">
      <Filter>리소스 파일</Filter>
    </Image>
    <Image Include="_Texture\Solid\Magenta.png">
      <Filter>리소스 파일</Filter>
    </Image>
    <Image Include="_Texture\Solid\Red.png">
      <Filter>리소스 파일</Filter>
    </Image>
    <Image Include="_Texture\Solid\White.png">
      <Filter>리소스 파일</Filter>
    </Image>
    <Image Include="_Texture\Solid\Yellow.png">
      <Filter>리소스 파일</Filter>
    </Image>
    <Image Include="_Texture\Misc\X_Image.png">
      <Filter>리소스 파일</Filter>
    </Image>
  </ItemGroup>
  <ItemGroup>
    <FxCompile Include="_Shader\Tutorial.hlsl" />
    <FxCompile Include="_Shader\01_Texture.hlsl" />
    <FxCompile Include="_Shader\02_DiffuseColor.hlsl" />
    <FxCompile Include="_Shader\03_DiffuseTexture.hlsl" />
    <FxCompile Include="_Shader\04_Specular.hlsl" />
    <FxCompile Include="_Shader\05_NormalMapping.hlsl" />
    <FxCompile Include="_Shader\06_TerrainEditor.hlsl" />
    <FxCompile Include="_Shader\07_ComputePicking.hlsl" />
    <FxCompile Include="_Shader\08_Terrain.hlsl" />
    <FxCompile Include="_Shader\09_ModelAnimator.hlsl" />
    <FxCompile Include="_Shader\10_Collider.hlsl" />
    <FxCompile Include="_Shader\11_ProgressBar.hlsl" />
    <FxCompile Include="_Shader\12_TextureInstancing.hlsl" />
    <FxCompile Include="_Shader\13_ModelInstancing.hlsl" />
    <FxCompile Include="_Shader\14_ModelAnimatorInstancing.hlsl" />
    <FxCompile Include="_Shader\15_SkyBox.hlsl" />
    <FxCompile Include="_Shader\16_Light.hlsl" />
    <FxCompile Include="_Shader\17_GrayScale.hlsl" />
    <FxCompile Include="_Shader\18_Sepia.hlsl" />
    <FxCompile Include="_Shader\19_GBuffer.hlsl" />
    <FxCompile Include="_Shader\20_DeferredRender.hlsl" />
    <FxCompile Include="_Shader\21_Billboard.hlsl" />
    <FxCompile Include="_Shader\22_Sprite.hlsl" />
    <FxCompile Include="_Shader\23_Spark.hlsl" />
    <FxCompile Include="_Shader\24_Rain.hlsl" />
    <FxCompile Include="_Shader\25_Snow.hlsl" />
    <FxCompile Include="_Shader\26_Reflection.hlsl" />
    <FxCompile Include="_Shader\27_Refraction.hlsl" />
    <FxCompile Include="_Shader\28_Water.hlsl" />
    <FxCompile Include="_Shader\29_Shadow.hlsl" />
    <FxCompile Include="_Shader\30_Triangle.hlsl" />
    <FxCompile Include="_Shader\31_TerrainLOD.hlsl" />
  </ItemGroup>
  <ItemGroup>
    <Library Include="_Library\DirectXTex.lib" />
    <Library Include="_Library\assimp.lib" />
  </ItemGroup>
  <ItemGroup>
    <None Include="_Include\DirectXTex.inl">
      <Filter>헤더 파일</Filter>
    </None>
    <None Include="_Shader\Header.hlsli" />
    <None Include="_Include\dirent\README.md" />
    <None Include="_Include\dirent\ChangeLog" />
    <None Include="_Include\dirent\LICENSE" />
    <None Include="_Library\assimp-vc143-mtd.dll" />
    <None Include="_Include\assimp\.editorconfig" />
    <None Include="_Include\assimp\color4.inl">
      <Filter>헤더 파일</Filter>
    </None>
    <None Include="_Include\assimp\config.h.in" />
    <None Include="_Include\assimp\material.inl">
      <Filter>헤더 파일</Filter>
    </None>
    <None Include="_Include\assimp\matrix3x3.inl">
      <Filter>헤더 파일</Filter>
    </None>
    <None Include="_Include\assimp\matrix4x4.inl">
      <Filter>헤더 파일</Filter>
    </None>
    <None Include="_Include\assimp\quaternion.inl">
      <Filter>헤더 파일</Filter>
    </None>
    <None Include="_Include\assimp\SmoothingGroups.inl">
      <Filter>헤더 파일</Filter>
    </None>
    <None Include="_Include\assimp\vector2.inl">
      <Filter>헤더 파일</Filter>
    </None>
    <None Include="_Include\assimp\vector3.inl">
      <Filter>헤더 파일</Filter>
    </None>
    <None Include="_ModelData\Mesh\Knight.mesh" />
    <None Include="_Shader\LightHeader.hlsli" />
  </ItemGroup>
</Project>